
Microsoft Visual Studio Solution File, Format Version 12.00
# Visual Studio 2012
Project("{FAE04EC0-301F-11D3-BF4B-00C04F79EFBC}") = "AudioRecorder", "AudioRecorder\AudioRecorder.csproj", "{BCD7C346-46D7-4217-8C64-3E6E0E2BFC85}"
EndProject
Project("{FAE04EC0-301F-11D3-BF4B-00C04F79EFBC}") = "AudioRecorder.iOS", "iOS\AudioRecorder.iOS.csproj", "{A5A1BA6B-222D-43CD-B0B3-DFBB1BA9C615}"
EndProject
Project("{FAE04EC0-301F-11D3-BF4B-00C04F79EFBC}") = "AudioRecorder.Droid", "Droid\AudioRecorder.Droid.csproj", "{30F10104-A42F-4960-A307-1B543F0A083C}"
EndProject
Global
	GlobalSection(SolutionConfigurationPlatforms) = preSolution
		Debug|Any CPU = Debug|Any CPU
		Release|Any CPU = Release|Any CPU
		Debug|iPhoneSimulator = Debug|iPhoneSimulator
		Release|iPhone = Release|iPhone
		Release|iPhoneSimulator = Release|iPhoneSimulator
		Debug|iPhone = Debug|iPhone
	EndGlobalSection
	GlobalSection(ProjectConfigurationPlatforms) = postSolution
		{BCD7C346-46D7-4217-8C64-3E6E0E2BFC85}.Debug|Any CPU.ActiveCfg = Debug|Any CPU
		{BCD7C346-46D7-4217-8C64-3E6E0E2BFC85}.Debug|Any CPU.Build.0 = Debug|Any CPU
		{BCD7C346-46D7-4217-8C64-3E6E0E2BFC85}.Release|Any CPU.ActiveCfg = Release|Any CPU
		{BCD7C346-46D7-4217-8C64-3E6E0E2BFC85}.Release|Any CPU.Build.0 = Release|Any CPU
		{BCD7C346-46D7-4217-8C64-3E6E0E2BFC85}.Debug|iPhoneSimulator.ActiveCfg = Debug|Any CPU
		{BCD7C346-46D7-4217-8C64-3E6E0E2BFC85}.Debug|iPhoneSimulator.Build.0 = Debug|Any CPU
		{BCD7C346-46D7-4217-8C64-3E6E0E2BFC85}.Release|iPhone.ActiveCfg = Release|Any CPU
		{BCD7C346-46D7-4217-8C64-3E6E0E2BFC85}.Release|iPhone.Build.0 = Release|Any CPU
		{BCD7C346-46D7-4217-8C64-3E6E0E2BFC85}.Release|iPhoneSimulator.ActiveCfg = Release|Any CPU
		{BCD7C346-46D7-4217-8C64-3E6E0E2BFC85}.Release|iPhoneSimulator.Build.0 = Release|Any CPU
		{BCD7C346-46D7-4217-8C64-3E6E0E2BFC85}.Debug|iPhone.ActiveCfg = Debug|Any CPU
		{BCD7C346-46D7-4217-8C64-3E6E0E2BFC85}.Debug|iPhone.Build.0 = Debug|Any CPU
		{A5A1BA6B-222D-43CD-B0B3-DFBB1BA9C615}.Debug|Any CPU.ActiveCfg = Debug|iPhoneSimulator
		{A5A1BA6B-222D-43CD-B0B3-DFBB1BA9C615}.Debug|Any CPU.Build.0 = Debug|iPhoneSimulator
		{A5A1BA6B-222D-43CD-B0B3-DFBB1BA9C615}.Release|Any CPU.ActiveCfg = Release|iPhone
		{A5A1BA6B-222D-43CD-B0B3-DFBB1BA9C615}.Release|Any CPU.Build.0 = Release|iPhone
		{A5A1BA6B-222D-43CD-B0B3-DFBB1BA9C615}.Debug|iPhoneSimulator.ActiveCfg = Debug|iPhoneSimulator
		{A5A1BA6B-222D-43CD-B0B3-DFBB1BA9C615}.Debug|iPhoneSimulator.Build.0 = Debug|iPhoneSimulator
		{A5A1BA6B-222D-43CD-B0B3-DFBB1BA9C615}.Release|iPhone.ActiveCfg = Release|iPhone
		{A5A1BA6B-222D-43CD-B0B3-DFBB1BA9C615}.Release|iPhone.Build.0 = Release|iPhone
		{A5A1BA6B-222D-43CD-B0B3-DFBB1BA9C615}.Release|iPhoneSimulator.ActiveCfg = Release|iPhoneSimulator
		{A5A1BA6B-222D-43CD-B0B3-DFBB1BA9C615}.Release|iPhoneSimulator.Build.0 = Release|iPhoneSimulator
		{A5A1BA6B-222D-43CD-B0B3-DFBB1BA9C615}.Debug|iPhone.ActiveCfg = Debug|iPhone
		{A5A1BA6B-222D-43CD-B0B3-DFBB1BA9C615}.Debug|iPhone.Build.0 = Debug|iPhone
		{30F10104-A42F-4960-A307-1B543F0A083C}.Debug|Any CPU.ActiveCfg = Debug|Any CPU
		{30F10104-A42F-4960-A307-1B543F0A083C}.Debug|Any CPU.Build.0 = Debug|Any CPU
		{30F10104-A42F-4960-A307-1B543F0A083C}.Release|Any CPU.ActiveCfg = Release|Any CPU
		{30F10104-A42F-4960-A307-1B543F0A083C}.Release|Any CPU.Build.0 = Release|Any CPU
		{30F10104-A42F-4960-A307-1B543F0A083C}.Debug|iPhoneSimulator.ActiveCfg = Debug|Any CPU
		{30F10104-A42F-4960-A307-1B543F0A083C}.Debug|iPhoneSimulator.Build.0 = Debug|Any CPU
		{30F10104-A42F-4960-A307-1B543F0A083C}.Release|iPhone.ActiveCfg = Release|Any CPU
		{30F10104-A42F-4960-A307-1B543F0A083C}.Release|iPhone.Build.0 = Release|Any CPU
		{30F10104-A42F-4960-A307-1B543F0A083C}.Release|iPhoneSimulator.ActiveCfg = Release|Any CPU
		{30F10104-A42F-4960-A307-1B543F0A083C}.Release|iPhoneSimulator.Build.0 = Release|Any CPU
		{30F10104-A42F-4960-A307-1B543F0A083C}.Debug|iPhone.ActiveCfg = Debug|Any CPU
		{30F10104-A42F-4960-A307-1B543F0A083C}.Debug|iPhone.Build.0 = Debug|Any CPU
	EndGlobalSection
	GlobalSection(MonoDevelopProperties) = preSolution
		Policies = $0
		$0.DotNetNamingPolicy = $1
		$1.DirectoryNamespaceAssociation = PrefixedHierarchical
		$1.ResourceNamePolicy = FileFormatDefault
		$0.TextStylePolicy = $2
		$2.FileWidth = 120
		$2.inheritsSet = null
		$2.inheritsScope = text/plain
		$2.scope = application/xml
		$0.CSharpFormattingPolicy = $3
		$3.IndentSwitchSection = True
		$3.NewLinesForBracesInProperties = True
		$3.NewLinesForBracesInAccessors = True
		$3.NewLinesForBracesInAnonymousMethods = True
		$3.NewLinesForBracesInControlBlocks = True
		$3.NewLinesForBracesInAnonymousTypes = True
		$3.NewLinesForBracesInObjectCollectionArrayInitializers = True
		$3.NewLinesForBracesInLambdaExpressionBody = True
		$3.NewLineForElse = True
		$3.NewLineForCatch = True
		$3.NewLineForFinally = True
		$3.NewLineForMembersInObjectInit = True
		$3.NewLineForMembersInAnonymousTypes = True
		$3.NewLineForClausesInQuery = True
		$3.SpacingAfterMethodDeclarationName = False
		$3.SpaceAfterMethodCallName = False
		$3.SpaceBeforeOpenSquareBracket = False
		$3.inheritsSet = Mono
		$3.inheritsScope = text/x-csharp
		$3.scope = text/x-csharp
		$0.XmlFormattingPolicy = $4
		$4.inheritsSet = Mono
		$4.inheritsScope = application/xml
		$4.scope = application/xml
		$0.StandardHeader = $5
		$5.Text = 
		$5.IncludeInNewFiles = True
		$0.NameConventionPolicy = $6
		$6.Rules = $7
		$7.NamingRule = $8
		$8.Name = Type Parameters
		$8.AffectedEntity = TypeParameter
		$8.VisibilityMask = VisibilityMask
		$8.NamingStyle = PascalCase
		$8.IncludeInstanceMembers = True
		$8.IncludeStaticEntities = True
		$8.RequiredPrefixes = $9
		$9.String = T
		$8.RequiredSuffixes = $10
		$10.String = Exception
	EndGlobalSection
EndGlobal
